// !$*UTF8*$!
{
	archiveVersion = 1;
	classes = {
	};
	objectVersion = 46;
	objects = {

/* Begin PBXBuildFile section */
		285EE8961D49453100030731 /* MediaPlayer.framework in Frameworks */ = {isa = PBXBuildFile; fileRef = 285EE8951D49453100030731 /* MediaPlayer.framework */; };
		28661B6D1D381A0A001D4661 /* AppDelegate.swift in Sources */ = {isa = PBXBuildFile; fileRef = 28661B6C1D381A0A001D4661 /* AppDelegate.swift */; };
		28661B6F1D381A0A001D4661 /* AlarmViewController.swift in Sources */ = {isa = PBXBuildFile; fileRef = 28661B6E1D381A0A001D4661 /* AlarmViewController.swift */; };
		28661B721D381A0A001D4661 /* Main.storyboard in Resources */ = {isa = PBXBuildFile; fileRef = 28661B701D381A0A001D4661 /* Main.storyboard */; };
		28661B751D381A0A001D4661 /* DND2.xcdatamodeld in Sources */ = {isa = PBXBuildFile; fileRef = 28661B731D381A0A001D4661 /* DND2.xcdatamodeld */; };
		28661B771D381A0A001D4661 /* Assets.xcassets in Resources */ = {isa = PBXBuildFile; fileRef = 28661B761D381A0A001D4661 /* Assets.xcassets */; };
		28661B7A1D381A0A001D4661 /* LaunchScreen.storyboard in Resources */ = {isa = PBXBuildFile; fileRef = 28661B781D381A0A001D4661 /* LaunchScreen.storyboard */; };
		28661B851D381A0A001D4661 /* DND2Tests.swift in Sources */ = {isa = PBXBuildFile; fileRef = 28661B841D381A0A001D4661 /* DND2Tests.swift */; };
		28661B901D381A0A001D4661 /* DND2UITests.swift in Sources */ = {isa = PBXBuildFile; fileRef = 28661B8F1D381A0A001D4661 /* DND2UITests.swift */; };
		28661B9E1D381A27001D4661 /* Model.swift in Sources */ = {isa = PBXBuildFile; fileRef = 28661B9D1D381A27001D4661 /* Model.swift */; };
		28661B9F1D381A27001D4661 /* Model.swift in Sources */ = {isa = PBXBuildFile; fileRef = 28661B9D1D381A27001D4661 /* Model.swift */; };
		28661BA01D381A27001D4661 /* Model.swift in Sources */ = {isa = PBXBuildFile; fileRef = 28661B9D1D381A27001D4661 /* Model.swift */; };
		28B03FC91D414FD200F92902 /* bell.mp3 in Resources */ = {isa = PBXBuildFile; fileRef = 28B03FC81D414FD200F92902 /* bell.mp3 */; };
		931BD422AE8A60B6FCB53674 /* Pods_DND2.framework in Frameworks */ = {isa = PBXBuildFile; fileRef = FC17FF2CF2FDE0D8DF6D8DF1 /* Pods_DND2.framework */; };
		9920A0306958B272EAC2E381 /* Pods_DND2Tests.framework in Frameworks */ = {isa = PBXBuildFile; fileRef = EB8483733C5308369BB444F0 /* Pods_DND2Tests.framework */; };
		CA986086E7AA439F7E745DAA /* Pods_DND2UITests.framework in Frameworks */ = {isa = PBXBuildFile; fileRef = 22094171AE35F112406958E2 /* Pods_DND2UITests.framework */; };
/* End PBXBuildFile section */

/* Begin PBXContainerItemProxy section */
		28661B811D381A0A001D4661 /* PBXContainerItemProxy */ = {
			isa = PBXContainerItemProxy;
			containerPortal = 28661B611D381A09001D4661 /* Project object */;
			proxyType = 1;
			remoteGlobalIDString = 28661B681D381A09001D4661;
			remoteInfo = DND2;
		};
		28661B8C1D381A0A001D4661 /* PBXContainerItemProxy */ = {
			isa = PBXContainerItemProxy;
			containerPortal = 28661B611D381A09001D4661 /* Project object */;
			proxyType = 1;
			remoteGlobalIDString = 28661B681D381A09001D4661;
			remoteInfo = DND2;
		};
/* End PBXContainerItemProxy section */

/* Begin PBXFileReference section */
		128304ED1897A694775B2438 /* Pods-DND2Tests.debug.xcconfig */ = {isa = PBXFileReference; includeInIndex = 1; lastKnownFileType = text.xcconfig; name = "Pods-DND2Tests.debug.xcconfig"; path = "Pods/Target Support Files/Pods-DND2Tests/Pods-DND2Tests.debug.xcconfig"; sourceTree = "<group>"; };
		22094171AE35F112406958E2 /* Pods_DND2UITests.framework */ = {isa = PBXFileReference; explicitFileType = wrapper.framework; includeInIndex = 0; path = Pods_DND2UITests.framework; sourceTree = BUILT_PRODUCTS_DIR; };
		285EE8951D49453100030731 /* MediaPlayer.framework */ = {isa = PBXFileReference; lastKnownFileType = wrapper.framework; name = MediaPlayer.framework; path = System/Library/Frameworks/MediaPlayer.framework; sourceTree = SDKROOT; };
		28661B691D381A09001D4661 /* DND2.app */ = {isa = PBXFileReference; explicitFileType = wrapper.application; includeInIndex = 0; path = DND2.app; sourceTree = BUILT_PRODUCTS_DIR; };
		28661B6C1D381A0A001D4661 /* AppDelegate.swift */ = {isa = PBXFileReference; lastKnownFileType = sourcecode.swift; path = AppDelegate.swift; sourceTree = "<group>"; };
		28661B6E1D381A0A001D4661 /* AlarmViewController.swift */ = {isa = PBXFileReference; lastKnownFileType = sourcecode.swift; path = AlarmViewController.swift; sourceTree = "<group>"; };
		28661B711D381A0A001D4661 /* Base */ = {isa = PBXFileReference; lastKnownFileType = file.storyboard; name = Base; path = Base.lproj/Main.storyboard; sourceTree = "<group>"; };
		28661B741D381A0A001D4661 /* DND2.xcdatamodel */ = {isa = PBXFileReference; lastKnownFileType = wrapper.xcdatamodel; path = DND2.xcdatamodel; sourceTree = "<group>"; };
		28661B761D381A0A001D4661 /* Assets.xcassets */ = {isa = PBXFileReference; lastKnownFileType = folder.assetcatalog; path = Assets.xcassets; sourceTree = "<group>"; };
		28661B791D381A0A001D4661 /* Base */ = {isa = PBXFileReference; lastKnownFileType = file.storyboard; name = Base; path = Base.lproj/LaunchScreen.storyboard; sourceTree = "<group>"; };
		28661B7B1D381A0A001D4661 /* Info.plist */ = {isa = PBXFileReference; lastKnownFileType = text.plist.xml; path = Info.plist; sourceTree = "<group>"; };
		28661B801D381A0A001D4661 /* DND2Tests.xctest */ = {isa = PBXFileReference; explicitFileType = wrapper.cfbundle; includeInIndex = 0; path = DND2Tests.xctest; sourceTree = BUILT_PRODUCTS_DIR; };
		28661B841D381A0A001D4661 /* DND2Tests.swift */ = {isa = PBXFileReference; lastKnownFileType = sourcecode.swift; path = DND2Tests.swift; sourceTree = "<group>"; };
		28661B861D381A0A001D4661 /* Info.plist */ = {isa = PBXFileReference; lastKnownFileType = text.plist.xml; path = Info.plist; sourceTree = "<group>"; };
		28661B8B1D381A0A001D4661 /* DND2UITests.xctest */ = {isa = PBXFileReference; explicitFileType = wrapper.cfbundle; includeInIndex = 0; path = DND2UITests.xctest; sourceTree = BUILT_PRODUCTS_DIR; };
		28661B8F1D381A0A001D4661 /* DND2UITests.swift */ = {isa = PBXFileReference; lastKnownFileType = sourcecode.swift; path = DND2UITests.swift; sourceTree = "<group>"; };
		28661B911D381A0A001D4661 /* Info.plist */ = {isa = PBXFileReference; lastKnownFileType = text.plist.xml; path = Info.plist; sourceTree = "<group>"; };
		28661B9D1D381A27001D4661 /* Model.swift */ = {isa = PBXFileReference; fileEncoding = 4; lastKnownFileType = sourcecode.swift; path = Model.swift; sourceTree = "<group>"; };
		28B03FC81D414FD200F92902 /* bell.mp3 */ = {isa = PBXFileReference; lastKnownFileType = audio.mp3; path = bell.mp3; sourceTree = "<group>"; };
		2958B805CF042A29A4C85FBA /* Pods-DND2UITests.debug.xcconfig */ = {isa = PBXFileReference; includeInIndex = 1; lastKnownFileType = text.xcconfig; name = "Pods-DND2UITests.debug.xcconfig"; path = "Pods/Target Support Files/Pods-DND2UITests/Pods-DND2UITests.debug.xcconfig"; sourceTree = "<group>"; };
		4780F0616432F4BF4E3EB5AD /* Pods-DND2.debug.xcconfig */ = {isa = PBXFileReference; includeInIndex = 1; lastKnownFileType = text.xcconfig; name = "Pods-DND2.debug.xcconfig"; path = "Pods/Target Support Files/Pods-DND2/Pods-DND2.debug.xcconfig"; sourceTree = "<group>"; };
		6FADC9B3ABD4B72BBE75E22A /* Pods-DND2Tests.release.xcconfig */ = {isa = PBXFileReference; includeInIndex = 1; lastKnownFileType = text.xcconfig; name = "Pods-DND2Tests.release.xcconfig"; path = "Pods/Target Support Files/Pods-DND2Tests/Pods-DND2Tests.release.xcconfig"; sourceTree = "<group>"; };
		9D0DFAA313F509A2011B89D3 /* Pods-DND2UITests.release.xcconfig */ = {isa = PBXFileReference; includeInIndex = 1; lastKnownFileType = text.xcconfig; name = "Pods-DND2UITests.release.xcconfig"; path = "Pods/Target Support Files/Pods-DND2UITests/Pods-DND2UITests.release.xcconfig"; sourceTree = "<group>"; };
		EB8483733C5308369BB444F0 /* Pods_DND2Tests.framework */ = {isa = PBXFileReference; explicitFileType = wrapper.framework; includeInIndex = 0; path = Pods_DND2Tests.framework; sourceTree = BUILT_PRODUCTS_DIR; };
		FC17FF2CF2FDE0D8DF6D8DF1 /* Pods_DND2.framework */ = {isa = PBXFileReference; explicitFileType = wrapper.framework; includeInIndex = 0; path = Pods_DND2.framework; sourceTree = BUILT_PRODUCTS_DIR; };
		FC39A1555520EA80E6FD4D56 /* Pods-DND2.release.xcconfig */ = {isa = PBXFileReference; includeInIndex = 1; lastKnownFileType = text.xcconfig; name = "Pods-DND2.release.xcconfig"; path = "Pods/Target Support Files/Pods-DND2/Pods-DND2.release.xcconfig"; sourceTree = "<group>"; };
/* End PBXFileReference section */

/* Begin PBXFrameworksBuildPhase section */
		28661B661D381A09001D4661 /* Frameworks */ = {
			isa = PBXFrameworksBuildPhase;
			buildActionMask = 2147483647;
			files = (
				285EE8961D49453100030731 /* MediaPlayer.framework in Frameworks */,
				931BD422AE8A60B6FCB53674 /* Pods_DND2.framework in Frameworks */,
			);
			runOnlyForDeploymentPostprocessing = 0;
		};
		28661B7D1D381A0A001D4661 /* Frameworks */ = {
			isa = PBXFrameworksBuildPhase;
			buildActionMask = 2147483647;
			files = (
				9920A0306958B272EAC2E381 /* Pods_DND2Tests.framework in Frameworks */,
			);
			runOnlyForDeploymentPostprocessing = 0;
		};
		28661B881D381A0A001D4661 /* Frameworks */ = {
			isa = PBXFrameworksBuildPhase;
			buildActionMask = 2147483647;
			files = (
				CA986086E7AA439F7E745DAA /* Pods_DND2UITests.framework in Frameworks */,
			);
			runOnlyForDeploymentPostprocessing = 0;
		};
/* End PBXFrameworksBuildPhase section */

/* Begin PBXGroup section */
		1EFF5F50E9F9F92B1D8F9B8D /* Pods */ = {
			isa = PBXGroup;
			children = (
				4780F0616432F4BF4E3EB5AD /* Pods-DND2.debug.xcconfig */,
				FC39A1555520EA80E6FD4D56 /* Pods-DND2.release.xcconfig */,
				128304ED1897A694775B2438 /* Pods-DND2Tests.debug.xcconfig */,
				6FADC9B3ABD4B72BBE75E22A /* Pods-DND2Tests.release.xcconfig */,
				2958B805CF042A29A4C85FBA /* Pods-DND2UITests.debug.xcconfig */,
				9D0DFAA313F509A2011B89D3 /* Pods-DND2UITests.release.xcconfig */,
			);
			name = Pods;
			sourceTree = "<group>";
		};
		28661B601D381A09001D4661 = {
			isa = PBXGroup;
			children = (
				285EE8951D49453100030731 /* MediaPlayer.framework */,
				28661B6B1D381A09001D4661 /* DND2 */,
				28661B831D381A0A001D4661 /* DND2Tests */,
				28661B8E1D381A0A001D4661 /* DND2UITests */,
				28661B6A1D381A09001D4661 /* Products */,
				1EFF5F50E9F9F92B1D8F9B8D /* Pods */,
				56639CF62D1BBC8442CA28FA /* Frameworks */,
			);
			sourceTree = "<group>";
		};
		28661B6A1D381A09001D4661 /* Products */ = {
			isa = PBXGroup;
			children = (
				28661B691D381A09001D4661 /* DND2.app */,
				28661B801D381A0A001D4661 /* DND2Tests.xctest */,
				28661B8B1D381A0A001D4661 /* DND2UITests.xctest */,
			);
			name = Products;
			sourceTree = "<group>";
		};
		28661B6B1D381A09001D4661 /* DND2 */ = {
			isa = PBXGroup;
			children = (
				28661B6C1D381A0A001D4661 /* AppDelegate.swift */,
				28661B6E1D381A0A001D4661 /* AlarmViewController.swift */,
				28661B701D381A0A001D4661 /* Main.storyboard */,
				28661B761D381A0A001D4661 /* Assets.xcassets */,
				28661B781D381A0A001D4661 /* LaunchScreen.storyboard */,
				28661B7B1D381A0A001D4661 /* Info.plist */,
				28661B731D381A0A001D4661 /* DND2.xcdatamodeld */,
				28661B9D1D381A27001D4661 /* Model.swift */,
				28B03FC81D414FD200F92902 /* bell.mp3 */,
			);
			path = DND2;
			sourceTree = "<group>";
		};
		28661B831D381A0A001D4661 /* DND2Tests */ = {
			isa = PBXGroup;
			children = (
				28661B841D381A0A001D4661 /* DND2Tests.swift */,
				28661B861D381A0A001D4661 /* Info.plist */,
			);
			path = DND2Tests;
			sourceTree = "<group>";
		};
		28661B8E1D381A0A001D4661 /* DND2UITests */ = {
			isa = PBXGroup;
			children = (
				28661B8F1D381A0A001D4661 /* DND2UITests.swift */,
				28661B911D381A0A001D4661 /* Info.plist */,
			);
			path = DND2UITests;
			sourceTree = "<group>";
		};
		56639CF62D1BBC8442CA28FA /* Frameworks */ = {
			isa = PBXGroup;
			children = (
				FC17FF2CF2FDE0D8DF6D8DF1 /* Pods_DND2.framework */,
				EB8483733C5308369BB444F0 /* Pods_DND2Tests.framework */,
				22094171AE35F112406958E2 /* Pods_DND2UITests.framework */,
			);
			name = Frameworks;
			sourceTree = "<group>";
		};
/* End PBXGroup section */

/* Begin PBXNativeTarget section */
		28661B681D381A09001D4661 /* DND2 */ = {
			isa = PBXNativeTarget;
			buildConfigurationList = 28661B941D381A0A001D4661 /* Build configuration list for PBXNativeTarget "DND2" */;
			buildPhases = (
				242FBEB7E224A1B53CC3EC32 /* [CP] Check Pods Manifest.lock */,
				28661B651D381A09001D4661 /* Sources */,
				28661B661D381A09001D4661 /* Frameworks */,
				28661B671D381A09001D4661 /* Resources */,
				50E9D1BCF0BF80044795F1D9 /* [CP] Embed Pods Frameworks */,
				E31A5A1427043FE1448722AA /* [CP] Copy Pods Resources */,
			);
			buildRules = (
			);
			dependencies = (
			);
			name = DND2;
			productName = DND2;
			productReference = 28661B691D381A09001D4661 /* DND2.app */;
			productType = "com.apple.product-type.application";
		};
		28661B7F1D381A0A001D4661 /* DND2Tests */ = {
			isa = PBXNativeTarget;
			buildConfigurationList = 28661B971D381A0A001D4661 /* Build configuration list for PBXNativeTarget "DND2Tests" */;
			buildPhases = (
				7DEEE2F986B4F797FF03FA38 /* [CP] Check Pods Manifest.lock */,
				28661B7C1D381A0A001D4661 /* Sources */,
				28661B7D1D381A0A001D4661 /* Frameworks */,
				28661B7E1D381A0A001D4661 /* Resources */,
				710ED98F2A66140966C76508 /* [CP] Embed Pods Frameworks */,
				1323F79BFD57371C77812DA9 /* [CP] Copy Pods Resources */,
			);
			buildRules = (
			);
			dependencies = (
				28661B821D381A0A001D4661 /* PBXTargetDependency */,
			);
			name = DND2Tests;
			productName = DND2Tests;
			productReference = 28661B801D381A0A001D4661 /* DND2Tests.xctest */;
			productType = "com.apple.product-type.bundle.unit-test";
		};
		28661B8A1D381A0A001D4661 /* DND2UITests */ = {
			isa = PBXNativeTarget;
			buildConfigurationList = 28661B9A1D381A0A001D4661 /* Build configuration list for PBXNativeTarget "DND2UITests" */;
			buildPhases = (
				A6B7A5CE257C48ED20442540 /* [CP] Check Pods Manifest.lock */,
				28661B871D381A0A001D4661 /* Sources */,
				28661B881D381A0A001D4661 /* Frameworks */,
				28661B891D381A0A001D4661 /* Resources */,
				3FBD393B4DC279F04844BC39 /* [CP] Copy Pods Resources */,
			);
			buildRules = (
			);
			dependencies = (
				28661B8D1D381A0A001D4661 /* PBXTargetDependency */,
			);
			name = DND2UITests;
			productName = DND2UITests;
			productReference = 28661B8B1D381A0A001D4661 /* DND2UITests.xctest */;
			productType = "com.apple.product-type.bundle.ui-testing";
		};
/* End PBXNativeTarget section */

/* Begin PBXProject section */
		28661B611D381A09001D4661 /* Project object */ = {
			isa = PBXProject;
			attributes = {
				LastSwiftUpdateCheck = 0730;
				LastUpgradeCheck = 0730;
				ORGANIZATIONNAME = AbbyEF109;
				TargetAttributes = {
					28661B681D381A09001D4661 = {
						CreatedOnToolsVersion = 7.3.1;
						DevelopmentTeam = 6A5M9B69YM;
						SystemCapabilities = {
							com.apple.BackgroundModes = {
								enabled = 1;
							};
						};
					};
					28661B7F1D381A0A001D4661 = {
						CreatedOnToolsVersion = 7.3.1;
						DevelopmentTeam = 6A5M9B69YM;
						TestTargetID = 28661B681D381A09001D4661;
					};
					28661B8A1D381A0A001D4661 = {
						CreatedOnToolsVersion = 7.3.1;
						DevelopmentTeam = 6A5M9B69YM;
						TestTargetID = 28661B681D381A09001D4661;
					};
				};
			};
			buildConfigurationList = 28661B641D381A09001D4661 /* Build configuration list for PBXProject "DND2" */;
			compatibilityVersion = "Xcode 3.2";
			developmentRegion = English;
			hasScannedForEncodings = 0;
			knownRegions = (
				en,
				Base,
			);
			mainGroup = 28661B601D381A09001D4661;
			productRefGroup = 28661B6A1D381A09001D4661 /* Products */;
			projectDirPath = "";
			projectRoot = "";
			targets = (
				28661B681D381A09001D4661 /* DND2 */,
				28661B7F1D381A0A001D4661 /* DND2Tests */,
				28661B8A1D381A0A001D4661 /* DND2UITests */,
			);
		};
/* End PBXProject section */

/* Begin PBXResourcesBuildPhase section */
		28661B671D381A09001D4661 /* Resources */ = {
			isa = PBXResourcesBuildPhase;
			buildActionMask = 2147483647;
			files = (
				28661B7A1D381A0A001D4661 /* LaunchScreen.storyboard in Resources */,
				28661B771D381A0A001D4661 /* Assets.xcassets in Resources */,
				28661B721D381A0A001D4661 /* Main.storyboard in Resources */,
				28B03FC91D414FD200F92902 /* bell.mp3 in Resources */,
			);
			runOnlyForDeploymentPostprocessing = 0;
		};
		28661B7E1D381A0A001D4661 /* Resources */ = {
			isa = PBXResourcesBuildPhase;
			buildActionMask = 2147483647;
			files = (
			);
			runOnlyForDeploymentPostprocessing = 0;
		};
		28661B891D381A0A001D4661 /* Resources */ = {
			isa = PBXResourcesBuildPhase;
			buildActionMask = 2147483647;
			files = (
			);
			runOnlyForDeploymentPostprocessing = 0;
		};
/* End PBXResourcesBuildPhase section */

/* Begin PBXShellScriptBuildPhase section */
		1323F79BFD57371C77812DA9 /* [CP] Copy Pods Resources */ = {
			isa = PBXShellScriptBuildPhase;
			buildActionMask = 2147483647;
			files = (
			);
			inputPaths = (
			);
			name = "[CP] Copy Pods Resources";
			outputPaths = (
			);
			runOnlyForDeploymentPostprocessing = 0;
			shellPath = /bin/sh;
			shellScript = "\"${SRCROOT}/Pods/Target Support Files/Pods-DND2Tests/Pods-DND2Tests-resources.sh\"\n";
			showEnvVarsInLog = 0;
		};
		242FBEB7E224A1B53CC3EC32 /* [CP] Check Pods Manifest.lock */ = {
			isa = PBXShellScriptBuildPhase;
			buildActionMask = 2147483647;
			files = (
			);
			inputPaths = (
			);
			name = "[CP] Check Pods Manifest.lock";
			outputPaths = (
			);
			runOnlyForDeploymentPostprocessing = 0;
			shellPath = /bin/sh;
			shellScript = "diff \"${PODS_ROOT}/../Podfile.lock\" \"${PODS_ROOT}/Manifest.lock\" > /dev/null\nif [[ $? != 0 ]] ; then\n    cat << EOM\nerror: The sandbox is not in sync with the Podfile.lock. Run 'pod install' or update your CocoaPods installation.\nEOM\n    exit 1\nfi\n";
			showEnvVarsInLog = 0;
		};
		3FBD393B4DC279F04844BC39 /* [CP] Copy Pods Resources */ = {
			isa = PBXShellScriptBuildPhase;
			buildActionMask = 2147483647;
			files = (
			);
			inputPaths = (
			);
			name = "[CP] Copy Pods Resources";
			outputPaths = (
			);
			runOnlyForDeploymentPostprocessing = 0;
			shellPath = /bin/sh;
			shellScript = "\"${SRCROOT}/Pods/Target Support Files/Pods-DND2UITests/Pods-DND2UITests-resources.sh\"\n";
			showEnvVarsInLog = 0;
		};
		50E9D1BCF0BF80044795F1D9 /* [CP] Embed Pods Frameworks */ = {
			isa = PBXShellScriptBuildPhase;
			buildActionMask = 2147483647;
			files = (
			);
			inputPaths = (
			);
			name = "[CP] Embed Pods Frameworks";
			outputPaths = (
			);
			runOnlyForDeploymentPostprocessing = 0;
			shellPath = /bin/sh;
			shellScript = "\"${SRCROOT}/Pods/Target Support Files/Pods-DND2/Pods-DND2-frameworks.sh\"\n";
			showEnvVarsInLog = 0;
		};
		710ED98F2A66140966C76508 /* [CP] Embed Pods Frameworks */ = {
			isa = PBXShellScriptBuildPhase;
			buildActionMask = 2147483647;
			files = (
			);
			inputPaths = (
			);
			name = "[CP] Embed Pods Frameworks";
			outputPaths = (
			);
			runOnlyForDeploymentPostprocessing = 0;
			shellPath = /bin/sh;
			shellScript = "\"${SRCROOT}/Pods/Target Support Files/Pods-DND2Tests/Pods-DND2Tests-frameworks.sh\"\n";
			showEnvVarsInLog = 0;
		};
		7DEEE2F986B4F797FF03FA38 /* [CP] Check Pods Manifest.lock */ = {
			isa = PBXShellScriptBuildPhase;
			buildActionMask = 2147483647;
			files = (
			);
			inputPaths = (
			);
			name = "[CP] Check Pods Manifest.lock";
			outputPaths = (
			);
			runOnlyForDeploymentPostprocessing = 0;
			shellPath = /bin/sh;
			shellScript = "diff \"${PODS_ROOT}/../Podfile.lock\" \"${PODS_ROOT}/Manifest.lock\" > /dev/null\nif [[ $? != 0 ]] ; then\n    cat << EOM\nerror: The sandbox is not in sync with the Podfile.lock. Run 'pod install' or update your CocoaPods installation.\nEOM\n    exit 1\nfi\n";
			showEnvVarsInLog = 0;
		};
		A6B7A5CE257C48ED20442540 /* [CP] Check Pods Manifest.lock */ = {
			isa = PBXShellScriptBuildPhase;
			buildActionMask = 2147483647;
			files = (
			);
			inputPaths = (
			);
			name = "[CP] Check Pods Manifest.lock";
			outputPaths = (
			);
			runOnlyForDeploymentPostprocessing = 0;
			shellPath = /bin/sh;
			shellScript = "diff \"${PODS_ROOT}/../Podfile.lock\" \"${PODS_ROOT}/Manifest.lock\" > /dev/null\nif [[ $? != 0 ]] ; then\n    cat << EOM\nerror: The sandbox is not in sync with the Podfile.lock. Run 'pod install' or update your CocoaPods installation.\nEOM\n    exit 1\nfi\n";
			showEnvVarsInLog = 0;
		};
		E31A5A1427043FE1448722AA /* [CP] Copy Pods Resources */ = {
			isa = PBXShellScriptBuildPhase;
			buildActionMask = 2147483647;
			files = (
			);
			inputPaths = (
			);
			name = "[CP] Copy Pods Resources";
			outputPaths = (
			);
			runOnlyForDeploymentPostprocessing = 0;
			shellPath = /bin/sh;
			shellScript = "\"${SRCROOT}/Pods/Target Support Files/Pods-DND2/Pods-DND2-resources.sh\"\n";
			showEnvVarsInLog = 0;
		};
/* End PBXShellScriptBuildPhase section */

/* Begin PBXSourcesBuildPhase section */
		28661B651D381A09001D4661 /* Sources */ = {
			isa = PBXSourcesBuildPhase;
			buildActionMask = 2147483647;
			files = (
				28661B6F1D381A0A001D4661 /* AlarmViewController.swift in Sources */,
				28661B6D1D381A0A001D4661 /* AppDelegate.swift in Sources */,
				28661B751D381A0A001D4661 /* DND2.xcdatamodeld in Sources */,
				28661B9E1D381A27001D4661 /* Model.swift in Sources */,
			);
			runOnlyForDeploymentPostprocessing = 0;
		};
		28661B7C1D381A0A001D4661 /* Sources */ = {
			isa = PBXSourcesBuildPhase;
			buildActionMask = 2147483647;
			files = (
				28661B851D381A0A001D4661 /* DND2Tests.swift in Sources */,
				28661B9F1D381A27001D4661 /* Model.swift in Sources */,
			);
			runOnlyForDeploymentPostprocessing = 0;
		};
		28661B871D381A0A001D4661 /* Sources */ = {
			isa = PBXSourcesBuildPhase;
			buildActionMask = 2147483647;
			files = (
				28661B901D381A0A001D4661 /* DND2UITests.swift in Sources */,
				28661BA01D381A27001D4661 /* Model.swift in Sources */,
			);
			runOnlyForDeploymentPostprocessing = 0;
		};
/* End PBXSourcesBuildPhase section */

/* Begin PBXTargetDependency section */
		28661B821D381A0A001D4661 /* PBXTargetDependency */ = {
			isa = PBXTargetDependency;
			target = 28661B681D381A09001D4661 /* DND2 */;
			targetProxy = 28661B811D381A0A001D4661 /* PBXContainerItemProxy */;
		};
		28661B8D1D381A0A001D4661 /* PBXTargetDependency */ = {
			isa = PBXTargetDependency;
			target = 28661B681D381A09001D4661 /* DND2 */;
			targetProxy = 28661B8C1D381A0A001D4661 /* PBXContainerItemProxy */;
		};
/* End PBXTargetDependency section */

/* Begin PBXVariantGroup section */
		28661B701D381A0A001D4661 /* Main.storyboard */ = {
			isa = PBXVariantGroup;
			children = (
				28661B711D381A0A001D4661 /* Base */,
			);
			name = Main.storyboard;
			sourceTree = "<group>";
		};
		28661B781D381A0A001D4661 /* LaunchScreen.storyboard */ = {
			isa = PBXVariantGroup;
			children = (
				28661B791D381A0A001D4661 /* Base */,
			);
			name = LaunchScreen.storyboard;
			sourceTree = "<group>";
		};
/* End PBXVariantGroup section */

/* Begin XCBuildConfiguration section */
		28661B921D381A0A001D4661 /* Debug */ = {
			isa = XCBuildConfiguration;
			buildSettings = {
				ALWAYS_SEARCH_USER_PATHS = NO;
				CLANG_ANALYZER_NONNULL = YES;
				CLANG_CXX_LANGUAGE_STANDARD = "gnu++0x";
				CLANG_CXX_LIBRARY = "libc++";
				CLANG_ENABLE_MODULES = YES;
				CLANG_ENABLE_OBJC_ARC = YES;
				CLANG_WARN_BOOL_CONVERSION = YES;
				CLANG_WARN_CONSTANT_CONVERSION = YES;
				CLANG_WARN_DIRECT_OBJC_ISA_USAGE = YES_ERROR;
				CLANG_WARN_EMPTY_BODY = YES;
				CLANG_WARN_ENUM_CONVERSION = YES;
				CLANG_WARN_INT_CONVERSION = YES;
				CLANG_WARN_OBJC_ROOT_CLASS = YES_ERROR;
				CLANG_WARN_UNREACHABLE_CODE = YES;
				CLANG_WARN__DUPLICATE_METHOD_MATCH = YES;
				"CODE_SIGN_IDENTITY[sdk=iphoneos*]" = "iPhone Developer";
				COPY_PHASE_STRIP = NO;
				DEBUG_INFORMATION_FORMAT = dwarf;
				ENABLE_STRICT_OBJC_MSGSEND = YES;
				ENABLE_TESTABILITY = YES;
				GCC_C_LANGUAGE_STANDARD = gnu99;
				GCC_DYNAMIC_NO_PIC = NO;
				GCC_NO_COMMON_BLOCKS = YES;
				GCC_OPTIMIZATION_LEVEL = 0;
				GCC_PREPROCESSOR_DEFINITIONS = (
					"DEBUG=1",
					"$(inherited)",
				);
				GCC_WARN_64_TO_32_BIT_CONVERSION = YES;
				GCC_WARN_ABOUT_RETURN_TYPE = YES_ERROR;
				GCC_WARN_UNDECLARED_SELECTOR = YES;
				GCC_WARN_UNINITIALIZED_AUTOS = YES_AGGRESSIVE;
				GCC_WARN_UNUSED_FUNCTION = YES;
				GCC_WARN_UNUSED_VARIABLE = YES;
				IPHONEOS_DEPLOYMENT_TARGET = 9.3;
				MTL_ENABLE_DEBUG_INFO = YES;
				ONLY_ACTIVE_ARCH = YES;
				SDKROOT = iphoneos;
				SWIFT_OPTIMIZATION_LEVEL = "-Onone";
			};
			name = Debug;
		};
		28661B931D381A0A001D4661 /* Release */ = {
			isa = XCBuildConfiguration;
			buildSettings = {
				ALWAYS_SEARCH_USER_PATHS = NO;
				CLANG_ANALYZER_NONNULL = YES;
				CLANG_CXX_LANGUAGE_STANDARD = "gnu++0x";
				CLANG_CXX_LIBRARY = "libc++";
				CLANG_ENABLE_MODULES = YES;
				CLANG_ENABLE_OBJC_ARC = YES;
				CLANG_WARN_BOOL_CONVERSION = YES;
				CLANG_WARN_CONSTANT_CONVERSION = YES;
				CLANG_WARN_DIRECT_OBJC_ISA_USAGE = YES_ERROR;
				CLANG_WARN_EMPTY_BODY = YES;
				CLANG_WARN_ENUM_CONVERSION = YES;
				CLANG_WARN_INT_CONVERSION = YES;
				CLANG_WARN_OBJC_ROOT_CLASS = YES_ERROR;
				CLANG_WARN_UNREACHABLE_CODE = YES;
				CLANG_WARN__DUPLICATE_METHOD_MATCH = YES;
				"CODE_SIGN_IDENTITY[sdk=iphoneos*]" = "iPhone Developer";
				COPY_PHASE_STRIP = NO;
				DEBUG_INFORMATION_FORMAT = "dwarf-with-dsym";
				ENABLE_NS_ASSERTIONS = NO;
				ENABLE_STRICT_OBJC_MSGSEND = YES;
				GCC_C_LANGUAGE_STANDARD = gnu99;
				GCC_NO_COMMON_BLOCKS = YES;
				GCC_WARN_64_TO_32_BIT_CONVERSION = YES;
				GCC_WARN_ABOUT_RETURN_TYPE = YES_ERROR;
				GCC_WARN_UNDECLARED_SELECTOR = YES;
				GCC_WARN_UNINITIALIZED_AUTOS = YES_AGGRESSIVE;
				GCC_WARN_UNUSED_FUNCTION = YES;
				GCC_WARN_UNUSED_VARIABLE = YES;
				IPHONEOS_DEPLOYMENT_TARGET = 9.3;
				MTL_ENABLE_DEBUG_INFO = NO;
				SDKROOT = iphoneos;
				VALIDATE_PRODUCT = YES;
			};
			name = Release;
		};
		28661B951D381A0A001D4661 /* Debug */ = {
			isa = XCBuildConfiguration;
			baseConfigurationReference = 4780F0616432F4BF4E3EB5AD /* Pods-DND2.debug.xcconfig */;
			buildSettings = {
				ASSETCATALOG_COMPILER_APPICON_NAME = AppIcon;
				INFOPLIST_FILE = DND2/Info.plist;
				IPHONEOS_DEPLOYMENT_TARGET = 8.0;
				LD_RUNPATH_SEARCH_PATHS = "$(inherited) @executable_path/Frameworks";
				PRODUCT_BUNDLE_IDENTIFIER = com.wordpress.abbyapps.DND2;
				PRODUCT_NAME = "$(TARGET_NAME)";
			};
			name = Debug;
		};
		28661B961D381A0A001D4661 /* Release */ = {
			isa = XCBuildConfiguration;
			baseConfigurationReference = FC39A1555520EA80E6FD4D56 /* Pods-DND2.release.xcconfig */;
			buildSettings = {
				ASSETCATALOG_COMPILER_APPICON_NAME = AppIcon;
				INFOPLIST_FILE = DND2/Info.plist;
				IPHONEOS_DEPLOYMENT_TARGET = 8.0;
				LD_RUNPATH_SEARCH_PATHS = "$(inherited) @executable_path/Frameworks";
				PRODUCT_BUNDLE_IDENTIFIER = com.wordpress.abbyapps.DND2;
				PRODUCT_NAME = "$(TARGET_NAME)";
			};
			name = Release;
		};
		28661B981D381A0A001D4661 /* Debug */ = {
			isa = XCBuildConfiguration;
			baseConfigurationReference = 128304ED1897A694775B2438 /* Pods-DND2Tests.debug.xcconfig */;
			buildSettings = {
				BUNDLE_LOADER = "$(TEST_HOST)";
				INFOPLIST_FILE = DND2Tests/Info.plist;
				LD_RUNPATH_SEARCH_PATHS = "$(inherited) @executable_path/Frameworks @loader_path/Frameworks";
				PRODUCT_BUNDLE_IDENTIFIER = com.wordpress.abbyapps.DND2Tests;
				PRODUCT_NAME = "$(TARGET_NAME)";
				TEST_HOST = "$(BUILT_PRODUCTS_DIR)/DND2.app/DND2";
			};
			name = Debug;
		};
		28661B991D381A0A001D4661 /* Release */ = {
			isa = XCBuildConfiguration;
			baseConfigurationReference = 6FADC9B3ABD4B72BBE75E22A /* Pods-DND2Tests.release.xcconfig */;
			buildSettings = {
				BUNDLE_LOADER = "$(TEST_HOST)";
				INFOPLIST_FILE = DND2Tests/Info.plist;
				LD_RUNPATH_SEARCH_PATHS = "$(inherited) @executable_path/Frameworks @loader_path/Frameworks";
				PRODUCT_BUNDLE_IDENTIFIER = com.wordpress.abbyapps.DND2Tests;
				PRODUCT_NAME = "$(TARGET_NAME)";
				TEST_HOST = "$(BUILT_PRODUCTS_DIR)/DND2.app/DND2";
			};
			name = Release;
		};
		28661B9B1D381A0A001D4661 /* Debug */ = {
			isa = XCBuildConfiguration;
			baseConfigurationReference = 2958B805CF042A29A4C85FBA /* Pods-DND2UITests.debug.xcconfig */;
			buildSettings = {
				INFOPLIST_FILE = DND2UITests/Info.plist;
				LD_RUNPATH_SEARCH_PATHS = "$(inherited) @executable_path/Frameworks @loader_path/Frameworks";
				PRODUCT_BUNDLE_IDENTIFIER = com.wordpress.abbyapps.DND2UITests;
				PRODUCT_NAME = "$(TARGET_NAME)";
				TEST_TARGET_NAME = DND2;
			};
			name = Debug;
		};
		28661B9C1D381A0A001D4661 /* Release */ = {
			isa = XCBuildConfiguration;
			baseConfigurationReference = 9D0DFAA313F509A2011B89D3 /* Pods-DND2UITests.release.xcconfig */;
			buildSettings = {
				INFOPLIST_FILE = DND2UITests/Info.plist;
				LD_RUNPATH_SEARCH_PATHS = "$(inherited) @executable_path/Frameworks @loader_path/Frameworks";
				PRODUCT_BUNDLE_IDENTIFIER = com.wordpress.abbyapps.DND2UITests;
				PRODUCT_NAME = "$(TARGET_NAME)";
				TEST_TARGET_NAME = DND2;
			};
			name = Release;
		};
/* End XCBuildConfiguration section */

/* Begin XCConfigurationList section */
		28661B641D381A09001D4661 /* Build configuration list for PBXProject "DND2" */ = {
			isa = XCConfigurationList;
			buildConfigurations = (
				28661B921D381A0A001D4661 /* Debug */,
				28661B931D381A0A001D4661 /* Release */,
			);
			defaultConfigurationIsVisible = 0;
			defaultConfigurationName = Release;
		};
		28661B941D381A0A001D4661 /* Build configuration list for PBXNativeTarget "DND2" */ = {
			isa = XCConfigurationList;
			buildConfigurations = (
				28661B951D381A0A001D4661 /* Debug */,
				28661B961D381A0A001D4661 /* Release */,
			);
			defaultConfigurationIsVisible = 0;
			defaultConfigurationName = Release;
		};
		28661B971D381A0A001D4661 /* Build configuration list for PBXNativeTarget "DND2Tests" */ = {
			isa = XCConfigurationList;
			buildConfigurations = (
				28661B981D381A0A001D4661 /* Debug */,
				28661B991D381A0A001D4661 /* Release */,
			);
			defaultConfigurationIsVisible = 0;
			defaultConfigurationName = Release;
		};
		28661B9A1D381A0A001D4661 /* Build configuration list for PBXNativeTarget "DND2UITests" */ = {
			isa = XCConfigurationList;
			buildConfigurations = (
				28661B9B1D381A0A001D4661 /* Debug */,
				28661B9C1D381A0A001D4661 /* Release */,
			);
			defaultConfigurationIsVisible = 0;
			defaultConfigurationName = Release;
		};
/* End XCConfigurationList section */

/* Begin XCVersionGroup section */
		28661B731D381A0A001D4661 /* DND2.xcdatamodeld */ = {
			isa = XCVersionGroup;
			children = (
				28661B741D381A0A001D4661 /* DND2.xcdatamodel */,
			);
			currentVersion = 28661B741D381A0A001D4661 /* DND2.xcdatamodel */;
			path = DND2.xcdatamodeld;
			sourceTree = "<group>";
			versionGroupType = wrapper.xcdatamodel;
		};
/* End XCVersionGroup section */
	};
	rootObject = 28661B611D381A09001D4661 /* Project object */;
}
